PODS:
  - ReactiveCocoa (2.0):
    - ReactiveCocoa/Core (= 2.0)
    - ReactiveCocoa/no-arc (= 2.0)
    - ReactiveCocoa/RACExtensions (= 2.0)
  - ReactiveCocoa/Core (2.0):
    - ReactiveCocoa/no-arc
  - ReactiveCocoa/no-arc (2.0)
  - ReactiveCocoa/RACExtensions (2.0):
    - ReactiveCocoa/Core

DEPENDENCIES:
  - ReactiveCocoa (= 2.0.0)

SPEC CHECKSUMS:
  ReactiveCocoa: c5347d7b1c348d22a85800e14e89da84c5254cfb

PODFILE CHECKSUM: ab9d353e58335c6f68513588bed6707b81334419

COCOAPODS: 1.1.1
